// !$*UTF8*$!
{
	archiveVersion = 1;
	classes = {
	};
	objectVersion = 56;
	objects = {

/* Begin PBXBuildFile section */
		71396CF72B4438680029CFA7 /* HikeApp.swift in Sources */ = {isa = PBXBuildFile; fileRef = 71396CF62B4438680029CFA7 /* HikeApp.swift */; };
		71396CF92B4438680029CFA7 /* ContentView.swift in Sources */ = {isa = PBXBuildFile; fileRef = 71396CF82B4438680029CFA7 /* ContentView.swift */; };
		71396CFB2B4438690029CFA7 /* Assets.xcassets in Resources */ = {isa = PBXBuildFile; fileRef = 71396CFA2B4438690029CFA7 /* Assets.xcassets */; };
		71396CFE2B4438690029CFA7 /* Preview Assets.xcassets in Resources */ = {isa = PBXBuildFile; fileRef = 71396CFD2B4438690029CFA7 /* Preview Assets.xcassets */; };
		71396D052B4442EB0029CFA7 /* CardView.swift in Sources */ = {isa = PBXBuildFile; fileRef = 71396D042B4442EB0029CFA7 /* CardView.swift */; };
		71396D082B4446010029CFA7 /* CustomBackgroundView.swift in Sources */ = {isa = PBXBuildFile; fileRef = 71396D072B4446010029CFA7 /* CustomBackgroundView.swift */; };
		71396D0B2B4449CF0029CFA7 /* ColorExtension.swift in Sources */ = {isa = PBXBuildFile; fileRef = 71396D0A2B4449CF0029CFA7 /* ColorExtension.swift */; };
		717DE78B2B45BEDD0088E7AC /* MotionAnimationView.swift in Sources */ = {isa = PBXBuildFile; fileRef = 717DE78A2B45BEDD0088E7AC /* MotionAnimationView.swift */; };
		717DE7902B45CF340088E7AC /* SettingView.swift in Sources */ = {isa = PBXBuildFile; fileRef = 717DE78F2B45CF340088E7AC /* SettingView.swift */; };
		717DE7932B45DCDA0088E7AC /* CustomListRowView.swift in Sources */ = {isa = PBXBuildFile; fileRef = 717DE7922B45DCDA0088E7AC /* CustomListRowView.swift */; };
		7180D7A12B447DAC001F032B /* CustomButtonView.swift in Sources */ = {isa = PBXBuildFile; fileRef = 7180D7A02B447DAC001F032B /* CustomButtonView.swift */; };
		7180D7A32B44893C001F032B /* GradientButtonStyle.swift in Sources */ = {isa = PBXBuildFile; fileRef = 7180D7A22B44893C001F032B /* GradientButtonStyle.swift */; };
		7180D7A52B44915B001F032B /* CustomCircleView.swift in Sources */ = {isa = PBXBuildFile; fileRef = 7180D7A42B44915B001F032B /* CustomCircleView.swift */; };
/* End PBXBuildFile section */

/* Begin PBXFileReference section */
		71396CF32B4438680029CFA7 /* Hike.app */ = {isa = PBXFileReference; explicitFileType = wrapper.application; includeInIndex = 0; path = Hike.app; sourceTree = BUILT_PRODUCTS_DIR; };
		71396CF62B4438680029CFA7 /* HikeApp.swift */ = {isa = PBXFileReference; lastKnownFileType = sourcecode.swift; path = HikeApp.swift; sourceTree = "<group>"; };
		71396CF82B4438680029CFA7 /* ContentView.swift */ = {isa = PBXFileReference; lastKnownFileType = sourcecode.swift; path = ContentView.swift; sourceTree = "<group>"; };
		71396CFA2B4438690029CFA7 /* Assets.xcassets */ = {isa = PBXFileReference; lastKnownFileType = folder.assetcatalog; path = Assets.xcassets; sourceTree = "<group>"; };
		71396CFD2B4438690029CFA7 /* Preview Assets.xcassets */ = {isa = PBXFileReference; lastKnownFileType = folder.assetcatalog; path = "Preview Assets.xcassets"; sourceTree = "<group>"; };
		71396D042B4442EB0029CFA7 /* CardView.swift */ = {isa = PBXFileReference; lastKnownFileType = sourcecode.swift; path = CardView.swift; sourceTree = "<group>"; };
		71396D072B4446010029CFA7 /* CustomBackgroundView.swift */ = {isa = PBXFileReference; lastKnownFileType = sourcecode.swift; path = CustomBackgroundView.swift; sourceTree = "<group>"; };
		71396D0A2B4449CF0029CFA7 /* ColorExtension.swift */ = {isa = PBXFileReference; lastKnownFileType = sourcecode.swift; path = ColorExtension.swift; sourceTree = "<group>"; };
		717DE78A2B45BEDD0088E7AC /* MotionAnimationView.swift */ = {isa = PBXFileReference; lastKnownFileType = sourcecode.swift; path = MotionAnimationView.swift; sourceTree = "<group>"; };
		717DE78F2B45CF340088E7AC /* SettingView.swift */ = {isa = PBXFileReference; lastKnownFileType = sourcecode.swift; path = SettingView.swift; sourceTree = "<group>"; };
		717DE7922B45DCDA0088E7AC /* CustomListRowView.swift */ = {isa = PBXFileReference; lastKnownFileType = sourcecode.swift; path = CustomListRowView.swift; sourceTree = "<group>"; };
		7180D7A02B447DAC001F032B /* CustomButtonView.swift */ = {isa = PBXFileReference; lastKnownFileType = sourcecode.swift; path = CustomButtonView.swift; sourceTree = "<group>"; };
		7180D7A22B44893C001F032B /* GradientButtonStyle.swift */ = {isa = PBXFileReference; lastKnownFileType = sourcecode.swift; path = GradientButtonStyle.swift; sourceTree = "<group>"; };
		7180D7A42B44915B001F032B /* CustomCircleView.swift */ = {isa = PBXFileReference; lastKnownFileType = sourcecode.swift; path = CustomCircleView.swift; sourceTree = "<group>"; };
/* End PBXFileReference section */

/* Begin PBXFrameworksBuildPhase section */
		71396CF02B4438680029CFA7 /* Frameworks */ = {
			isa = PBXFrameworksBuildPhase;
			buildActionMask = 2147483647;
			files = (
			);
			runOnlyForDeploymentPostprocessing = 0;
		};
/* End PBXFrameworksBuildPhase section */

/* Begin PBXGroup section */
		71396CEA2B4438680029CFA7 = {
			isa = PBXGroup;
			children = (
				71396CF52B4438680029CFA7 /* Hike */,
				71396CF42B4438680029CFA7 /* Products */,
			);
			sourceTree = "<group>";
		};
		71396CF42B4438680029CFA7 /* Products */ = {
			isa = PBXGroup;
			children = (
				71396CF32B4438680029CFA7 /* Hike.app */,
			);
			name = Products;
			sourceTree = "<group>";
		};
		71396CF52B4438680029CFA7 /* Hike */ = {
			isa = PBXGroup;
			children = (
				717DE7912B45DCA30088E7AC /* Component */,
				71396D092B4449B10029CFA7 /* Utility */,
				71396CF62B4438680029CFA7 /* HikeApp.swift */,
				717DE78C2B45CEF50088E7AC /* Screen */,
				717DE78A2B45BEDD0088E7AC /* MotionAnimationView.swift */,
				71396D062B4445B80029CFA7 /* Components */,
				71396CFA2B4438690029CFA7 /* Assets.xcassets */,
				71396CFC2B4438690029CFA7 /* Preview Content */,
			);
			path = Hike;
			sourceTree = "<group>";
		};
		71396CFC2B4438690029CFA7 /* Preview Content */ = {
			isa = PBXGroup;
			children = (
				71396CFD2B4438690029CFA7 /* Preview Assets.xcassets */,
			);
			path = "Preview Content";
			sourceTree = "<group>";
		};
		71396D062B4445B80029CFA7 /* Components */ = {
			isa = PBXGroup;
			children = (
				71396D042B4442EB0029CFA7 /* CardView.swift */,
				71396D072B4446010029CFA7 /* CustomBackgroundView.swift */,
			);
			path = Components;
			sourceTree = "<group>";
		};
		71396D092B4449B10029CFA7 /* Utility */ = {
			isa = PBXGroup;
			children = (
				71396D0A2B4449CF0029CFA7 /* ColorExtension.swift */,
				7180D7A22B44893C001F032B /* GradientButtonStyle.swift */,
			);
			path = Utility;
			sourceTree = "<group>";
		};
		717DE78C2B45CEF50088E7AC /* Screen */ = {
			isa = PBXGroup;
			children = (
				71396CF82B4438680029CFA7 /* ContentView.swift */,
				717DE78F2B45CF340088E7AC /* SettingView.swift */,
			);
			path = Screen;
			sourceTree = "<group>";
		};
		717DE7912B45DCA30088E7AC /* Component */ = {
			isa = PBXGroup;
			children = (
				7180D7A42B44915B001F032B /* CustomCircleView.swift */,
				7180D7A02B447DAC001F032B /* CustomButtonView.swift */,
				717DE7922B45DCDA0088E7AC /* CustomListRowView.swift */,
			);
			path = Component;
			sourceTree = "<group>";
		};
/* End PBXGroup section */

/* Begin PBXNativeTarget section */
		71396CF22B4438680029CFA7 /* Hike */ = {
			isa = PBXNativeTarget;
			buildConfigurationList = 71396D012B4438690029CFA7 /* Build configuration list for PBXNativeTarget "Hike" */;
			buildPhases = (
				71396CEF2B4438680029CFA7 /* Sources */,
				71396CF02B4438680029CFA7 /* Frameworks */,
				71396CF12B4438680029CFA7 /* Resources */,
			);
			buildRules = (
			);
			dependencies = (
			);
			name = Hike;
			productName = Hike;
			productReference = 71396CF32B4438680029CFA7 /* Hike.app */;
			productType = "com.apple.product-type.application";
		};
/* End PBXNativeTarget section */

/* Begin PBXProject section */
		71396CEB2B4438680029CFA7 /* Project object */ = {
			isa = PBXProject;
			attributes = {
				BuildIndependentTargetsInParallel = 1;
				LastSwiftUpdateCheck = 1510;
				LastUpgradeCheck = 1510;
				TargetAttributes = {
					71396CF22B4438680029CFA7 = {
						CreatedOnToolsVersion = 15.1;
					};
				};
			};
			buildConfigurationList = 71396CEE2B4438680029CFA7 /* Build configuration list for PBXProject "Hike" */;
			compatibilityVersion = "Xcode 14.0";
			developmentRegion = en;
			hasScannedForEncodings = 0;
			knownRegions = (
				en,
				Base,
			);
			mainGroup = 71396CEA2B4438680029CFA7;
			productRefGroup = 71396CF42B4438680029CFA7 /* Products */;
			projectDirPath = "";
			projectRoot = "";
			targets = (
				71396CF22B4438680029CFA7 /* Hike */,
			);
		};
/* End PBXProject section */

/* Begin PBXResourcesBuildPhase section */
		71396CF12B4438680029CFA7 /* Resources */ = {
			isa = PBXResourcesBuildPhase;
			buildActionMask = 2147483647;
			files = (
				71396CFE2B4438690029CFA7 /* Preview Assets.xcassets in Resources */,
				71396CFB2B4438690029CFA7 /* Assets.xcassets in Resources */,
			);
			runOnlyForDeploymentPostprocessing = 0;
		};
/* End PBXResourcesBuildPhase section */

/* Begin PBXSourcesBuildPhase section */
		71396CEF2B4438680029CFA7 /* Sources */ = {
			isa = PBXSourcesBuildPhase;
			buildActionMask = 2147483647;
			files = (
				71396CF92B4438680029CFA7 /* ContentView.swift in Sources */,
				717DE7902B45CF340088E7AC /* SettingView.swift in Sources */,
				717DE7932B45DCDA0088E7AC /* CustomListRowView.swift in Sources */,
				7180D7A52B44915B001F032B /* CustomCircleView.swift in Sources */,
				71396D052B4442EB0029CFA7 /* CardView.swift in Sources */,
				71396CF72B4438680029CFA7 /* HikeApp.swift in Sources */,
				7180D7A12B447DAC001F032B /* CustomButtonView.swift in Sources */,
				7180D7A32B44893C001F032B /* GradientButtonStyle.swift in Sources */,
				717DE78B2B45BEDD0088E7AC /* MotionAnimationView.swift in Sources */,
				71396D082B4446010029CFA7 /* CustomBackgroundView.swift in Sources */,
				71396D0B2B4449CF0029CFA7 /* ColorExtension.swift in Sources */,
			);
			runOnlyForDeploymentPostprocessing = 0;
		};
/* End PBXSourcesBuildPhase section */

/* Begin XCBuildConfiguration section */
		71396CFF2B4438690029CFA7 /* Debug */ = {
			isa = XCBuildConfiguration;
			buildSettings = {
				ALWAYS_SEARCH_USER_PATHS = NO;
				ASSETCATALOG_COMPILER_GENERATE_SWIFT_ASSET_SYMBOL_EXTENSIONS = YES;
				CLANG_ANALYZER_NONNULL = YES;
				CLANG_ANALYZER_NUMBER_OBJECT_CONVERSION = YES_AGGRESSIVE;
				CLANG_CXX_LANGUAGE_STANDARD = "gnu++20";
				CLANG_ENABLE_MODULES = YES;
				CLANG_ENABLE_OBJC_ARC = YES;
				CLANG_ENABLE_OBJC_WEAK = YES;
				CLANG_WARN_BLOCK_CAPTURE_AUTORELEASING = YES;
				CLANG_WARN_BOOL_CONVERSION = YES;
				CLANG_WARN_COMMA = YES;
				CLANG_WARN_CONSTANT_CONVERSION = YES;
				CLANG_WARN_DEPRECATED_OBJC_IMPLEMENTATIONS = YES;
				CLANG_WARN_DIRECT_OBJC_ISA_USAGE = YES_ERROR;
				CLANG_WARN_DOCUMENTATION_COMMENTS = YES;
				CLANG_WARN_EMPTY_BODY = YES;
				CLANG_WARN_ENUM_CONVERSION = YES;
				CLANG_WARN_INFINITE_RECURSION = YES;
				CLANG_WARN_INT_CONVERSION = YES;
				CLANG_WARN_NON_LITERAL_NULL_CONVERSION = YES;
				CLANG_WARN_OBJC_IMPLICIT_RETAIN_SELF = YES;
				CLANG_WARN_OBJC_LITERAL_CONVERSION = YES;
				CLANG_WARN_OBJC_ROOT_CLASS = YES_ERROR;
				CLANG_WARN_QUOTED_INCLUDE_IN_FRAMEWORK_HEADER = YES;
				CLANG_WARN_RANGE_LOOP_ANALYSIS = YES;
				CLANG_WARN_STRICT_PROTOTYPES = YES;
				CLANG_WARN_SUSPICIOUS_MOVE = YES;
				CLANG_WARN_UNGUARDED_AVAILABILITY = YES_AGGRESSIVE;
				CLANG_WARN_UNREACHABLE_CODE = YES;
				CLANG_WARN__DUPLICATE_METHOD_MATCH = YES;
				COPY_PHASE_STRIP = NO;
				DEBUG_INFORMATION_FORMAT = dwarf;
				ENABLE_STRICT_OBJC_MSGSEND = YES;
				ENABLE_TESTABILITY = YES;
				ENABLE_USER_SCRIPT_SANDBOXING = YES;
				GCC_C_LANGUAGE_STANDARD = gnu17;
				GCC_DYNAMIC_NO_PIC = NO;
				GCC_NO_COMMON_BLOCKS = YES;
				GCC_OPTIMIZATION_LEVEL = 0;
				GCC_PREPROCESSOR_DEFINITIONS = (
					"DEBUG=1",
					"$(inherited)",
				);
				GCC_WARN_64_TO_32_BIT_CONVERSION = YES;
				GCC_WARN_ABOUT_RETURN_TYPE = YES_ERROR;
				GCC_WARN_UNDECLARED_SELECTOR = YES;
				GCC_WARN_UNINITIALIZED_AUTOS = YES_AGGRESSIVE;
				GCC_WARN_UNUSED_FUNCTION = YES;
				GCC_WARN_UNUSED_VARIABLE = YES;
				IPHONEOS_DEPLOYMENT_TARGET = 17.2;
				LOCALIZATION_PREFERS_STRING_CATALOGS = YES;
				MTL_ENABLE_DEBUG_INFO = INCLUDE_SOURCE;
				MTL_FAST_MATH = YES;
				ONLY_ACTIVE_ARCH = YES;
				SDKROOT = iphoneos;
				SWIFT_ACTIVE_COMPILATION_CONDITIONS = "DEBUG $(inherited)";
				SWIFT_OPTIMIZATION_LEVEL = "-Onone";
			};
			name = Debug;
		};
		71396D002B4438690029CFA7 /* Release */ = {
			isa = XCBuildConfiguration;
			buildSettings = {
				ALWAYS_SEARCH_USER_PATHS = NO;
				ASSETCATALOG_COMPILER_GENERATE_SWIFT_ASSET_SYMBOL_EXTENSIONS = YES;
				CLANG_ANALYZER_NONNULL = YES;
				CLANG_ANALYZER_NUMBER_OBJECT_CONVERSION = YES_AGGRESSIVE;
				CLANG_CXX_LANGUAGE_STANDARD = "gnu++20";
				CLANG_ENABLE_MODULES = YES;
				CLANG_ENABLE_OBJC_ARC = YES;
				CLANG_ENABLE_OBJC_WEAK = YES;
				CLANG_WARN_BLOCK_CAPTURE_AUTORELEASING = YES;
				CLANG_WARN_BOOL_CONVERSION = YES;
				CLANG_WARN_COMMA = YES;
				CLANG_WARN_CONSTANT_CONVERSION = YES;
				CLANG_WARN_DEPRECATED_OBJC_IMPLEMENTATIONS = YES;
				CLANG_WARN_DIRECT_OBJC_ISA_USAGE = YES_ERROR;
				CLANG_WARN_DOCUMENTATION_COMMENTS = YES;
				CLANG_WARN_EMPTY_BODY = YES;
				CLANG_WARN_ENUM_CONVERSION = YES;
				CLANG_WARN_INFINITE_RECURSION = YES;
				CLANG_WARN_INT_CONVERSION = YES;
				CLANG_WARN_NON_LITERAL_NULL_CONVERSION = YES;
				CLANG_WARN_OBJC_IMPLICIT_RETAIN_SELF = YES;
				CLANG_WARN_OBJC_LITERAL_CONVERSION = YES;
				CLANG_WARN_OBJC_ROOT_CLASS = YES_ERROR;
				CLANG_WARN_QUOTED_INCLUDE_IN_FRAMEWORK_HEADER = YES;
				CLANG_WARN_RANGE_LOOP_ANALYSIS = YES;
				CLANG_WARN_STRICT_PROTOTYPES = YES;
				CLANG_WARN_SUSPICIOUS_MOVE = YES;
				CLANG_WARN_UNGUARDED_AVAILABILITY = YES_AGGRESSIVE;
				CLANG_WARN_UNREACHABLE_CODE = YES;
				CLANG_WARN__DUPLICATE_METHOD_MATCH = YES;
				COPY_PHASE_STRIP = NO;
				DEBUG_INFORMATION_FORMAT = "dwarf-with-dsym";
				ENABLE_NS_ASSERTIONS = NO;
				ENABLE_STRICT_OBJC_MSGSEND = YES;
				ENABLE_USER_SCRIPT_SANDBOXING = YES;
				GCC_C_LANGUAGE_STANDARD = gnu17;
				GCC_NO_COMMON_BLOCKS = YES;
				GCC_WARN_64_TO_32_BIT_CONVERSION = YES;
				GCC_WARN_ABOUT_RETURN_TYPE = YES_ERROR;
				GCC_WARN_UNDECLARED_SELECTOR = YES;
				GCC_WARN_UNINITIALIZED_AUTOS = YES_AGGRESSIVE;
				GCC_WARN_UNUSED_FUNCTION = YES;
				GCC_WARN_UNUSED_VARIABLE = YES;
				IPHONEOS_DEPLOYMENT_TARGET = 17.2;
				LOCALIZATION_PREFERS_STRING_CATALOGS = YES;
				MTL_ENABLE_DEBUG_INFO = NO;
				MTL_FAST_MATH = YES;
				SDKROOT = iphoneos;
				SWIFT_COMPILATION_MODE = wholemodule;
				VALIDATE_PRODUCT = YES;
			};
			name = Release;
		};
		71396D022B4438690029CFA7 /* Debug */ = {
			isa = XCBuildConfiguration;
			buildSettings = {
				ASSETCATALOG_COMPILER_APPICON_NAME = AppIcon;
				ASSETCATALOG_COMPILER_GLOBAL_ACCENT_COLOR_NAME = AccentColor;
				CODE_SIGN_STYLE = Automatic;
				CURRENT_PROJECT_VERSION = 1;
				DEVELOPMENT_ASSET_PATHS = "\"Hike/Preview Content\"";
				ENABLE_PREVIEWS = YES;
				GENERATE_INFOPLIST_FILE = YES;
				INFOPLIST_KEY_UIApplicationSceneManifest_Generation = YES;
				INFOPLIST_KEY_UIApplicationSupportsIndirectInputEvents = YES;
				INFOPLIST_KEY_UILaunchScreen_Generation = YES;
				INFOPLIST_KEY_UISupportedInterfaceOrientations_iPad = "UIInterfaceOrientationPortrait UIInterfaceOrientationPortraitUpsideDown UIInterfaceOrientationLandscapeLeft UIInterfaceOrientationLandscapeRight";
				INFOPLIST_KEY_UISupportedInterfaceOrientations_iPhone = "UIInterfaceOrientationPortrait UIInterfaceOrientationLandscapeLeft UIInterfaceOrientationLandscapeRight";
				LD_RUNPATH_SEARCH_PATHS = (
					"$(inherited)",
					"@executable_path/Frameworks",
				);
				MARKETING_VERSION = 1.0;
				PRODUCT_BUNDLE_IDENTIFIER = com.sheenu.Hike;
				PRODUCT_NAME = "$(TARGET_NAME)";
				SWIFT_EMIT_LOC_STRINGS = YES;
				SWIFT_VERSION = 5.0;
				TARGETED_DEVICE_FAMILY = "1,2";
			};
			name = Debug;
		};
		71396D032B4438690029CFA7 /* Release */ = {
			isa = XCBuildConfiguration;
			buildSettings = {
				ASSETCATALOG_COMPILER_APPICON_NAME = AppIcon;
				ASSETCATALOG_COMPILER_GLOBAL_ACCENT_COLOR_NAME = AccentColor;
				CODE_SIGN_STYLE = Automatic;
				CURRENT_PROJECT_VERSION = 1;
				DEVELOPMENT_ASSET_PATHS = "\"Hike/Preview Content\"";
				ENABLE_PREVIEWS = YES;
				GENERATE_INFOPLIST_FILE = YES;
				INFOPLIST_KEY_UIApplicationSceneManifest_Generation = YES;
				INFOPLIST_KEY_UIApplicationSupportsIndirectInputEvents = YES;
				INFOPLIST_KEY_UILaunchScreen_Generation = YES;
				INFOPLIST_KEY_UISupportedInterfaceOrientations_iPad = "UIInterfaceOrientationPortrait UIInterfaceOrientationPortraitUpsideDown UIInterfaceOrientationLandscapeLeft UIInterfaceOrientationLandscapeRight";
				INFOPLIST_KEY_UISupportedInterfaceOrientations_iPhone = "UIInterfaceOrientationPortrait UIInterfaceOrientationLandscapeLeft UIInterfaceOrientationLandscapeRight";
				LD_RUNPATH_SEARCH_PATHS = (
					"$(inherited)",
					"@executable_path/Frameworks",
				);
				MARKETING_VERSION = 1.0;
				PRODUCT_BUNDLE_IDENTIFIER = com.sheenu.Hike;
				PRODUCT_NAME = "$(TARGET_NAME)";
				SWIFT_EMIT_LOC_STRINGS = YES;
				SWIFT_VERSION = 5.0;
				TARGETED_DEVICE_FAMILY = "1,2";
			};
			name = Release;
		};
/* End XCBuildConfiguration section */

/* Begin XCConfigurationList section */
		71396CEE2B4438680029CFA7 /* Build configuration list for PBXProject "Hike" */ = {
			isa = XCConfigurationList;
			buildConfigurations = (
				71396CFF2B4438690029CFA7 /* Debug */,
				71396D002B4438690029CFA7 /* Release */,
			);
			defaultConfigurationIsVisible = 0;
			defaultConfigurationName = Release;
		};
		71396D012B4438690029CFA7 /* Build configuration list for PBXNativeTarget "Hike" */ = {
			isa = XCConfigurationList;
			buildConfigurations = (
				71396D022B4438690029CFA7 /* Debug */,
				71396D032B4438690029CFA7 /* Release */,
			);
			defaultConfigurationIsVisible = 0;
			defaultConfigurationName = Release;
		};
/* End XCConfigurationList section */
	};
	rootObject = 71396CEB2B4438680029CFA7 /* Project object */;
}
